PODS:
  - Alamofire (4.5.1)
  - Arcane (0.5.0)
  - Bolts (1.9.0):
    - Bolts/AppLinks (= 1.9.0)
    - Bolts/Tasks (= 1.9.0)
  - Bolts/AppLinks (1.9.0):
    - Bolts/Tasks
  - Bolts/Tasks (1.9.0)
  - Crashlytics (3.9.3):
    - Fabric (~> 1.7.2)
  - Fabric (1.7.2)
  - FBSDKCoreKit (4.29.0):
    - Bolts (~> 1.7)
  - FBSDKLoginKit (4.29.0):
    - FBSDKCoreKit
  - GoogleMaps (2.5.0):
    - GoogleMaps/Maps (= 2.5.0)
  - GoogleMaps/Base (2.5.0)
  - GoogleMaps/Maps (2.5.0):
    - GoogleMaps/Base
  - GooglePlaces (2.5.0):
    - GoogleMaps/Base (= 2.5.0)
  - GoogleSignIn (4.1.1):
    - GoogleToolboxForMac/NSDictionary+URLArguments (~> 2.1)
    - GoogleToolboxForMac/NSString+URLArguments (~> 2.1)
    - GTMOAuth2 (~> 1.0)
    - GTMSessionFetcher/Core (~> 1.1)
  - GoogleToolboxForMac/DebugUtils (2.1.3):
    - GoogleToolboxForMac/Defines (= 2.1.3)
  - GoogleToolboxForMac/Defines (2.1.3)
  - GoogleToolboxForMac/NSDictionary+URLArguments (2.1.3):
    - GoogleToolboxForMac/DebugUtils (= 2.1.3)
    - GoogleToolboxForMac/Defines (= 2.1.3)
    - GoogleToolboxForMac/NSString+URLArguments (= 2.1.3)
  - GoogleToolboxForMac/NSString+URLArguments (2.1.3)
  - GTMOAuth2 (1.1.6):
    - GTMSessionFetcher (~> 1.1)
  - GTMSessionFetcher (1.1.12):
    - GTMSessionFetcher/Full (= 1.1.12)
  - GTMSessionFetcher/Core (1.1.12)
  - GTMSessionFetcher/Full (1.1.12):
    - GTMSessionFetcher/Core (= 1.1.12)
  - MessageKit (0.10.2)
  - ObjcExceptionBridging (1.0.1):
    - ObjcExceptionBridging/ObjcExceptionBridging (= 1.0.1)
  - ObjcExceptionBridging/ObjcExceptionBridging (1.0.1)
  - ReachabilitySwift (3)
  - SDWebImage (4.1.2):
    - SDWebImage/Core (= 4.1.2)
  - SDWebImage/Core (4.1.2)
  - SwipeCellKit (1.9.1)
  - XCGLogger (5.0.5):
    - XCGLogger/Core (= 5.0.5)
  - XCGLogger/Core (5.0.5):
    - ObjcExceptionBridging

DEPENDENCIES:
  - Alamofire (~> 4.5.1)
  - Arcane (from `https://github.com/onmyway133/Arcane`, tag `0.5.0`)
  - Crashlytics (~> 3.9.3)
  - FBSDKLoginKit (~> 4.29.0)
  - GoogleMaps (~> 2.5.0)
  - GooglePlaces
  - GoogleSignIn
  - MessageKit (~> 0.10.2)
  - ReachabilitySwift (~> 3)
  - SDWebImage (~> 4.1.0)
  - SwipeCellKit (~> 1.9.1)
  - XCGLogger (~> 5.0.1)

EXTERNAL SOURCES:
  Arcane:
    :git: https://github.com/onmyway133/Arcane
    :tag: 0.5.0

CHECKOUT OPTIONS:
  Arcane:
    :git: https://github.com/onmyway133/Arcane
    :tag: 0.5.0

SPEC CHECKSUMS:
  Alamofire: 2d95912bf4c34f164fdfc335872e8c312acaea4a
  Arcane: 5f01dd42b0aa25c9f6b188cf7af758094a184d54
  Bolts: ac6567323eac61e203f6a9763667d0f711be34c8
  Crashlytics: dbb07d01876c171c5ccbdf7826410380189e452c
  Fabric: 9cd6a848efcf1b8b07497e0b6a2e7d336353ba15
  FBSDKCoreKit: 6f139173dc63a1deaff4430a55f2fe5bb222d2af
  FBSDKLoginKit: 56a057ca6822535ea0faa25f57a7c41edb697fd4
  GoogleMaps: c087b8e5dfe87ca6ebf59adb9b4894a4146bec4f
  GooglePlaces: dd70d9d71ea1c7944846afe67de3712c99b30a77
  GoogleSignIn: 3fdaa34a2ba04dbd7a25d7db39aecb0da98d5bdc
  GoogleToolboxForMac: 2501e2ad72a52eb3dfe7bd9aee7dad11b858bd20
  GTMOAuth2: c77fe325e4acd453837e72d91e3b5f13116857b2
  GTMSessionFetcher: ebaa1f79a5366922c1735f1566901f50beba23b7
  MessageKit: 2642b9641290691650cfa2612ad672512799a71c
  ObjcExceptionBridging: c30e00eb3700467e695faeea30e26e18bd445001
  ReachabilitySwift: f5b9bb30a0777fac8f09ce8b067e32faeb29bb64
  SDWebImage: cb6f9f266a9977741efcbc21e618e8be3734c774
  SwipeCellKit: e9ff953c820394a4e641cfb0118b6c959506aec2
  XCGLogger: 49bceee6dc0c738eae5d6454fdbf800d62256b74

PODFILE CHECKSUM: a69c8406acf723f9c241540c7b43d08b38fff1ce

COCOAPODS: 1.3.1
